
Microsoft Visual Studio Solution File, Format Version 12.00
# Visual Studio Version 17
VisualStudioVersion = 17.2.32602.215
MinimumVisualStudioVersion = 10.0.40219.1
Project("{9A19103F-16F7-4668-BE54-9A1E7A4F7556}") = "MyAppWeb", "MyAppWeb\MyAppWeb.csproj", "{2A4D68C4-2AF9-4E84-962A-2F52BDD5CEC4}"
EndProject
Project("{9A19103F-16F7-4668-BE54-9A1E7A4F7556}") = "MyApp.Models", "MyApp.Models\MyApp.Models.csproj", "{5F63DADD-964F-4A91-AE73-593942A9B037}"
EndProject
Project("{9A19103F-16F7-4668-BE54-9A1E7A4F7556}") = "MyyApp.DataAccessLayer", "MyyApp.DataAccessLayer\MyyApp.DataAccessLayer.csproj", "{836578AC-8EB7-4286-88DF-CA1083FD1927}"
EndProject
Project("{FAE04EC0-301F-11D3-BF4B-00C04F79EFBC}") = "MyAppCommonHelper", "MyAppCommonHelper\MyAppCommonHelper.csproj", "{C12DCC2C-7FA3-4478-AB27-6799197D5346}"
EndProject
Global
	GlobalSection(SolutionConfigurationPlatforms) = preSolution
		Debug|Any CPU = Debug|Any CPU
		Release|Any CPU = Release|Any CPU
	EndGlobalSection
	GlobalSection(ProjectConfigurationPlatforms) = postSolution
		{2A4D68C4-2AF9-4E84-962A-2F52BDD5CEC4}.Debug|Any CPU.ActiveCfg = Debug|Any CPU
		{2A4D68C4-2AF9-4E84-962A-2F52BDD5CEC4}.Debug|Any CPU.Build.0 = Debug|Any CPU
		{2A4D68C4-2AF9-4E84-962A-2F52BDD5CEC4}.Release|Any CPU.ActiveCfg = Release|Any CPU
		{2A4D68C4-2AF9-4E84-962A-2F52BDD5CEC4}.Release|Any CPU.Build.0 = Release|Any CPU
		{5F63DADD-964F-4A91-AE73-593942A9B037}.Debug|Any CPU.ActiveCfg = Debug|Any CPU
		{5F63DADD-964F-4A91-AE73-593942A9B037}.Debug|Any CPU.Build.0 = Debug|Any CPU
		{5F63DADD-964F-4A91-AE73-593942A9B037}.Release|Any CPU.ActiveCfg = Release|Any CPU
		{5F63DADD-964F-4A91-AE73-593942A9B037}.Release|Any CPU.Build.0 = Release|Any CPU
		{836578AC-8EB7-4286-88DF-CA1083FD1927}.Debug|Any CPU.ActiveCfg = Debug|Any CPU
		{836578AC-8EB7-4286-88DF-CA1083FD1927}.Debug|Any CPU.Build.0 = Debug|Any CPU
		{836578AC-8EB7-4286-88DF-CA1083FD1927}.Release|Any CPU.ActiveCfg = Release|Any CPU
		{836578AC-8EB7-4286-88DF-CA1083FD1927}.Release|Any CPU.Build.0 = Release|Any CPU
		{C12DCC2C-7FA3-4478-AB27-6799197D5346}.Debug|Any CPU.ActiveCfg = Debug|Any CPU
		{C12DCC2C-7FA3-4478-AB27-6799197D5346}.Debug|Any CPU.Build.0 = Debug|Any CPU
		{C12DCC2C-7FA3-4478-AB27-6799197D5346}.Release|Any CPU.ActiveCfg = Release|Any CPU
		{C12DCC2C-7FA3-4478-AB27-6799197D5346}.Release|Any CPU.Build.0 = Release|Any CPU
	EndGlobalSection
	GlobalSection(SolutionProperties) = preSolution
		HideSolutionNode = FALSE
	EndGlobalSection
	GlobalSection(ExtensibilityGlobals) = postSolution
		SolutionGuid = {881E847F-6C4D-4EE8-9855-DBDB3EB24B5E}
	EndGlobalSection
EndGlobal
